
Microsoft Visual Studio Solution File, Format Version 12.00
# Visual Studio Version 17
VisualStudioVersion = 17.4.33110.190
MinimumVisualStudioVersion = 10.0.40219.1
Project("{2150E333-8FDC-42A3-9474-1A3956D46DE8}") = "Services", "Services", "{581DC810-DB30-4585-866A-3BE58D55A700}"
EndProject
Project("{2150E333-8FDC-42A3-9474-1A3956D46DE8}") = "Catalog", "Catalog", "{C17CABF3-74AF-4F4E-B31E-D1F9E0E5BEB2}"
EndProject
Global
	GlobalSection(SolutionProperties) = preSolution
		HideSolutionNode = FALSE
	EndGlobalSection
	GlobalSection(NestedProjects) = preSolution
		{C17CABF3-74AF-4F4E-B31E-D1F9E0E5BEB2} = {581DC810-DB30-4585-866A-3BE58D55A700}
	EndGlobalSection
	GlobalSection(ExtensibilityGlobals) = postSolution
		SolutionGuid = {12EFA6A5-295F-4A48-A880-E7D5B222053D}
	EndGlobalSection
EndGlobal
